
Microsoft Visual Studio Solution File, Format Version 12.00
# Visual Studio Version 17
VisualStudioVersion = 17.14.36202.13 d17.14
MinimumVisualStudioVersion = 10.0.40219.1
Project("{FAE04EC0-301F-11D3-BF4B-00C04F79EFBC}") = "CopyVSProject", "CopyVSProject\CopyVSProject.csproj", "{CD05287F-F45B-44BB-9AFD-0550289D4FE1}"
EndProject
Global
	GlobalSection(SolutionConfigurationPlatforms) = preSolution
		Debug|Any CPU = Debug|Any CPU
		Release|Any CPU = Release|Any CPU
	EndGlobalSection
	GlobalSection(ProjectConfigurationPlatforms) = postSolution
		{CD05287F-F45B-44BB-9AFD-0550289D4FE1}.Debug|Any CPU.ActiveCfg = Debug|Any CPU
		{CD05287F-F45B-44BB-9AFD-0550289D4FE1}.Debug|Any CPU.Build.0 = Debug|Any CPU
		{CD05287F-F45B-44BB-9AFD-0550289D4FE1}.Release|Any CPU.ActiveCfg = Release|Any CPU
		{CD05287F-F45B-44BB-9AFD-0550289D4FE1}.Release|Any CPU.Build.0 = Release|Any CPU
	EndGlobalSection
	GlobalSection(SolutionProperties) = preSolution
		HideSolutionNode = FALSE
	EndGlobalSection
	GlobalSection(ExtensibilityGlobals) = postSolution
		SolutionGuid = {8E122648-9C15-42E1-B51A-15D8509094C0}
	EndGlobalSection
EndGlobal
